PODS:
  - XYTencentOpenAPI (3.1.0)

DEPENDENCIES:
  - XYTencentOpenAPI (from `../`)

EXTERNAL SOURCES:
  XYTencentOpenAPI:
    :path: "../"

SPEC CHECKSUMS:
  XYTencentOpenAPI: 8630508f4c4c5f7fc47d3131fec1ec30ec4d303b

PODFILE CHECKSUM: 619b85a045c643d2778cb71de993e34a888b5594

COCOAPODS: 1.1.0.beta.2
